
Microsoft Visual Studio Solution File, Format Version 12.00
# Visual Studio 15
VisualStudioVersion = 15.0.35431.46
MinimumVisualStudioVersion = 10.0.40219.1
Project("{FAE04EC0-301F-11D3-BF4B-00C04F79EFBC}") = "TegaGeorgeFlorian_GestiuneRestaurant_Licenta", "TegaGeorgeFlorian_GestiuneRestaurant_Licenta\TegaGeorgeFlorian_GestiuneRestaurant_Licenta.csproj", "{32A41B75-36DA-452C-A11A-DE7DC5AB1F9C}"
EndProject
Global
	GlobalSection(SolutionConfigurationPlatforms) = preSolution
		Debug|Any CPU = Debug|Any CPU
		Release|Any CPU = Release|Any CPU
	EndGlobalSection
	GlobalSection(ProjectConfigurationPlatforms) = postSolution
		{32A41B75-36DA-452C-A11A-DE7DC5AB1F9C}.Debug|Any CPU.ActiveCfg = Debug|Any CPU
		{32A41B75-36DA-452C-A11A-DE7DC5AB1F9C}.Debug|Any CPU.Build.0 = Debug|Any CPU
		{32A41B75-36DA-452C-A11A-DE7DC5AB1F9C}.Release|Any CPU.ActiveCfg = Release|Any CPU
		{32A41B75-36DA-452C-A11A-DE7DC5AB1F9C}.Release|Any CPU.Build.0 = Release|Any CPU
	EndGlobalSection
	GlobalSection(SolutionProperties) = preSolution
		HideSolutionNode = FALSE
	EndGlobalSection
	GlobalSection(ExtensibilityGlobals) = postSolution
		SolutionGuid = {55AAA3A6-8EB1-4917-AFE6-4F5FF7727534}
	EndGlobalSection
EndGlobal
